# This file is automatically @generated by Cargo.
# It is not intended for manual editing.
version = 3

[[package]]
name = "cfg-if"
version = "1.0.0"
source = "registry+https://github.com/rust-lang/crates.io-index"
checksum = "baf1de4339761588bc0619e3cbc0120ee582ebb74b53b4efbf79117bd2da40fd"

[[package]]
name = "cobs"
version = "0.2.3"
source = "registry+https://github.com/rust-lang/crates.io-index"
checksum = "67ba02a97a2bd10f4b59b25c7973101c79642302776489e030cd13cdab09ed15"

[[package]]
name = "diplomat"
version = "0.4.2"
source = "registry+https://github.com/rust-lang/crates.io-index"
checksum = "02b499acb578ca67e625d89a5f80f8a0428f2d112a173d86b9c8c3f136fa91fd"
dependencies = [
 "diplomat_core",
 "proc-macro2",
 "quote",
 "syn",
]

[[package]]
name = "diplomat-runtime"
version = "0.4.0"
source = "registry+https://github.com/rust-lang/crates.io-index"
checksum = "ac25764cfbbc5aa20adfbe728cf3586e8882c65d720d25931d73856b936ac861"

[[package]]
name = "diplomat_core"
version = "0.4.4"
source = "registry+https://github.com/rust-lang/crates.io-index"
checksum = "9842ae8679c845cac7687a9338fb7767bf16e74594d33ce23d79134f64f54132"
dependencies = [
 "lazy_static",
 "proc-macro2",
 "quote",
 "serde",
 "smallvec",
 "strck_ident",
 "syn",
]

[[package]]
name = "displaydoc"
version = "0.2.3"
source = "registry+https://github.com/rust-lang/crates.io-index"
checksum = "3bf95dc3f046b9da4f2d51833c0d3547d8564ef6910f5c1ed130306a75b92886"
dependencies = [
 "proc-macro2",
 "quote",
 "syn",
]

[[package]]
name = "either"
version = "1.8.0"
source = "registry+https://github.com/rust-lang/crates.io-index"
checksum = "90e5c1c8368803113bf0c9584fc495a58b86dc8a29edbf8fe877d21d9507e797"

[[package]]
name = "fixed_decimal"
version = "0.5.1"
source = "registry+https://github.com/rust-lang/crates.io-index"
checksum = "a7f6fa77730b2c921549ccecf3ad7b0ce0fb14481d47fad0c358addc4aeb456a"
dependencies = [
 "displaydoc",
 "ryu",
 "smallvec",
 "writeable",
]

[[package]]
name = "icu_calendar"
version = "1.0.0"
source = "registry+https://github.com/rust-lang/crates.io-index"
checksum = "81b686a9fbeca17bfa11b5b9864d840d8f2dc5abd80bef562486a6005f62c248"
dependencies = [
 "displaydoc",
 "icu_locid",
 "icu_provider",
 "tinystr",
 "writeable",
 "zerovec",
]

[[package]]
name = "icu_capi"
version = "1.0.0"
source = "registry+https://github.com/rust-lang/crates.io-index"
checksum = "aaa4cf2d0c5a730134400c55f32d7e1cc4ea7de8e75dcde667803b7b89ff2b7a"
dependencies = [
 "diplomat",
 "diplomat-runtime",
 "fixed_decimal",
 "icu_calendar",
 "icu_collator",
 "icu_collections",
 "icu_datetime",
 "icu_decimal",
 "icu_list",
 "icu_locid",
 "icu_locid_transform",
 "icu_normalizer",
 "icu_plurals",
 "icu_properties",
 "icu_provider",
 "icu_provider_adapters",
 "icu_provider_blob",
 "icu_segmenter",
 "icu_timezone",
 "log",
 "tinystr",
 "unicode-bidi",
 "writeable",
]

[[package]]
name = "icu_capi_skiawasm"
version = "0.1.0"
dependencies = [
 "icu_capi",
 "icu_provider",
 "icu_provider_adapters",
]

[[package]]
name = "icu_collator"
version = "1.0.0"
source = "registry+https://github.com/rust-lang/crates.io-index"
checksum = "c9ca263b27af1ab7192837ebe4e5389d389d0c249885f65c9b330decfc3e4abb"
dependencies = [
 "displaydoc",
 "icu_collections",
 "icu_locid",
 "icu_normalizer",
 "icu_properties",
 "icu_provider",
 "smallvec",
 "utf16_iter",
 "utf8_iter",
 "zerofrom",
 "zerovec",
]

[[package]]
name = "icu_collections"
version = "1.0.0"
source = "registry+https://github.com/rust-lang/crates.io-index"
checksum = "3c5be938a104d76f3bb9be012b6cd1451f7ed61c1eb9605c80f0f59c23f204dd"
dependencies = [
 "displaydoc",
 "yoke",
 "zerofrom",
 "zerovec",
]

[[package]]
name = "icu_datetime"
version = "1.0.0"
source = "registry+https://github.com/rust-lang/crates.io-index"
checksum = "f9109c2277e98df5ebea10fa63cdd1aafbf78d726ecddbd205b8cff212345b98"
dependencies = [
 "displaydoc",
 "either",
 "fixed_decimal",
 "icu_calendar",
 "icu_decimal",
 "icu_locid",
 "icu_plurals",
 "icu_provider",
 "icu_timezone",
 "litemap",
 "smallvec",
 "tinystr",
 "writeable",
 "zerovec",
]

[[package]]
name = "icu_decimal"
version = "1.0.0"
source = "registry+https://github.com/rust-lang/crates.io-index"
checksum = "d36aab31559864247be8b5c11a0a00a649c15922bfe158442b9083e78d8c1fc3"
dependencies = [
 "displaydoc",
 "fixed_decimal",
 "icu_locid",
 "icu_provider",
 "writeable",
]

[[package]]
name = "icu_list"
version = "1.0.0"
source = "registry+https://github.com/rust-lang/crates.io-index"
checksum = "c40218275f081c4493f190357c5395647b06734c2dc3dcb41cc099a0f60168b1"
dependencies = [
 "displaydoc",
 "icu_locid",
 "icu_provider",
 "regex-automata",
 "writeable",
 "zerovec",
]

[[package]]
name = "icu_locid"
version = "1.0.0"
source = "registry+https://github.com/rust-lang/crates.io-index"
checksum = "34b3de5d99a0e275fe6193b9586dbf37364daebc0d39c89b5cf8376a53b789e8"
dependencies = [
 "displaydoc",
 "litemap",
 "serde",
 "tinystr",
 "writeable",
 "zerovec",
]

[[package]]
name = "icu_locid_transform"
version = "1.0.0"
source = "registry+https://github.com/rust-lang/crates.io-index"
checksum = "934712cef692e652dbc9a02024c2fc7d82ac7c6406d84f482c8b6f52cc897273"
dependencies = [
 "displaydoc",
 "icu_locid",
 "icu_provider",
 "tinystr",
 "zerovec",
]

[[package]]
name = "icu_normalizer"
version = "1.0.0"
source = "registry+https://github.com/rust-lang/crates.io-index"
checksum = "5f13202f9022ca7cf1b08631bc026526a1b232ceb70695ed5a7ffbb90a90c67e"
dependencies = [
 "displaydoc",
 "icu_collections",
 "icu_properties",
 "icu_provider",
 "smallvec",
 "utf16_iter",
 "utf8_iter",
 "write16",
 "zerofrom",
 "zerovec",
]

[[package]]
name = "icu_plurals"
version = "1.0.0"
source = "registry+https://github.com/rust-lang/crates.io-index"
checksum = "e81bb05ec62d5103926407da9a366c2af53e3d3f3bd0b94cd7074510a74d7444"
dependencies = [
 "displaydoc",
 "fixed_decimal",
 "icu_locid",
 "icu_provider",
 "zerovec",
]

[[package]]
name = "icu_properties"
version = "1.0.0"
source = "registry+https://github.com/rust-lang/crates.io-index"
checksum = "b46dce0df6daeda3aec068f6f31eeaa6402525a505df9b816d8fd5bd9c876448"
dependencies = [
 "displaydoc",
 "icu_collections",
 "icu_provider",
 "unicode-bidi",
 "zerovec",
]

[[package]]
name = "icu_provider"
version = "1.0.1"
source = "registry+https://github.com/rust-lang/crates.io-index"
checksum = "2f911086e3c521a8a824d4f8bfd87769645ced2f07ff913b521c0d793be07100"
dependencies = [
 "displaydoc",
 "icu_locid",
 "icu_provider_macros",
 "log",
 "postcard",
 "serde",
 "stable_deref_trait",
 "writeable",
 "yoke",
 "zerofrom",
 "zerovec",
]

[[package]]
name = "icu_provider_adapters"
version = "1.0.0"
source = "registry+https://github.com/rust-lang/crates.io-index"
checksum = "980c71d8a91b246ebbb97847178a4b816eea39d1d550c70ee566384555bb6545"
dependencies = [
 "icu_locid",
 "icu_provider",
 "tinystr",
 "yoke",
 "zerovec",
]

[[package]]
name = "icu_provider_blob"
version = "1.0.0"
source = "registry+https://github.com/rust-lang/crates.io-index"
checksum = "a49513861983f44cd05b4a68d6746d6eac1ab02825ae185d351be5e943649cff"
dependencies = [
 "icu_provider",
 "postcard",
 "serde",
 "writeable",
 "yoke",
 "zerovec",
]

[[package]]
name = "icu_provider_macros"
version = "1.0.0"
source = "registry+https://github.com/rust-lang/crates.io-index"
checksum = "38cf6f5b65cf81f0b4298da647101acbfe6ae0e25263f92bd7a22597e9d6d606"
dependencies = [
 "proc-macro2",
 "quote",
 "syn",
]

[[package]]
name = "icu_segmenter"
version = "0.7.0"
source = "registry+https://github.com/rust-lang/crates.io-index"
checksum = "4873fb468f410f9a06b51bc0c1156084db6adb671923d5289ce42103a47bc796"
dependencies = [
 "displaydoc",
 "icu_collections",
 "icu_locid",
 "icu_provider",
 "serde_json",
 "utf8_iter",
 "zerovec",
]

[[package]]
name = "icu_timezone"
version = "1.0.0"
source = "registry+https://github.com/rust-lang/crates.io-index"
checksum = "081c60a92f80496fe2aa49a54ab86394ec2f91993cff985f8451e4912a347ea0"
dependencies = [
 "displaydoc",
 "icu_calendar",
 "icu_locid",
 "icu_provider",
 "tinystr",
 "zerovec",
]

[[package]]
name = "itoa"
version = "1.0.4"
source = "registry+https://github.com/rust-lang/crates.io-index"
checksum = "4217ad341ebadf8d8e724e264f13e593e0648f5b3e94b3896a5df283be015ecc"

[[package]]
name = "lazy_static"
version = "1.4.0"
source = "registry+https://github.com/rust-lang/crates.io-index"
checksum = "e2abad23fbc42b3700f2f279844dc832adb2b2eb069b2df918f455c4e18cc646"

[[package]]
name = "litemap"
version = "0.6.0"
source = "registry+https://github.com/rust-lang/crates.io-index"
checksum = "f34a3f4798fac63fb48cf277eefa38f94d3443baff555bb98e4f56bc9092368e"

[[package]]
name = "log"
version = "0.4.17"
source = "registry+https://github.com/rust-lang/crates.io-index"
checksum = "abb12e687cfb44aa40f41fc3978ef76448f9b6038cad6aef4259d3c095a2382e"
dependencies = [
 "cfg-if",
]

[[package]]
name = "memchr"
version = "2.5.0"
source = "registry+https://github.com/rust-lang/crates.io-index"
checksum = "2dffe52ecf27772e601905b7522cb4ef790d2cc203488bbd0e2fe85fcb74566d"

[[package]]
name = "postcard"
version = "1.0.2"
source = "registry+https://github.com/rust-lang/crates.io-index"
checksum = "1c2b180dc0bade59f03fd005cb967d3f1e5f69b13922dad0cd6e047cb8af2363"
dependencies = [
 "cobs",
 "serde",
]

[[package]]
name = "proc-macro2"
version = "1.0.47"
source = "registry+https://github.com/rust-lang/crates.io-index"
checksum = "5ea3d908b0e36316caf9e9e2c4625cdde190a7e6f440d794667ed17a1855e725"
dependencies = [
 "unicode-ident",
]

[[package]]
name = "quote"
version = "1.0.21"
source = "registry+https://github.com/rust-lang/crates.io-index"
checksum = "bbe448f377a7d6961e30f5955f9b8d106c3f5e449d493ee1b125c1d43c2b5179"
dependencies = [
 "proc-macro2",
]

[[package]]
name = "regex-automata"
version = "0.2.0"
source = "registry+https://github.com/rust-lang/crates.io-index"
checksum = "e9368763f5a9b804326f3af749e16f9abf378d227bcdee7634b13d8f17793782"
dependencies = [
 "memchr",
]

[[package]]
name = "ryu"
version = "1.0.11"
source = "registry+https://github.com/rust-lang/crates.io-index"
checksum = "4501abdff3ae82a1c1b477a17252eb69cee9e66eb915c1abaa4f44d873df9f09"

[[package]]
name = "serde"
version = "1.0.147"
source = "registry+https://github.com/rust-lang/crates.io-index"
checksum = "d193d69bae983fc11a79df82342761dfbf28a99fc8d203dca4c3c1b590948965"
dependencies = [
 "serde_derive",
]

[[package]]
name = "serde_derive"
version = "1.0.147"
source = "registry+https://github.com/rust-lang/crates.io-index"
checksum = "4f1d362ca8fc9c3e3a7484440752472d68a6caa98f1ab81d99b5dfe517cec852"
dependencies = [
 "proc-macro2",
 "quote",
 "syn",
]

[[package]]
name = "serde_json"
version = "1.0.87"
source = "registry+https://github.com/rust-lang/crates.io-index"
checksum = "6ce777b7b150d76b9cf60d28b55f5847135a003f7d7350c6be7a773508ce7d45"
dependencies = [
 "itoa",
 "ryu",
 "serde",
]

[[package]]
name = "smallvec"
version = "1.10.0"
source = "registry+https://github.com/rust-lang/crates.io-index"
checksum = "a507befe795404456341dfab10cef66ead4c041f62b8b11bbb92bffe5d0953e0"

[[package]]
name = "stable_deref_trait"
version = "1.2.0"
source = "registry+https://github.com/rust-lang/crates.io-index"
checksum = "a8f112729512f8e442d81f95a8a7ddf2b7c6b8a1a6f509a95864142b30cab2d3"

[[package]]
name = "strck"
version = "0.1.2"
source = "registry+https://github.com/rust-lang/crates.io-index"
checksum = "be91090ded9d8f979d9fe921777342d37e769e0b6b7296843a7a38247240e917"

[[package]]
name = "strck_ident"
version = "0.1.2"
source = "registry+https://github.com/rust-lang/crates.io-index"
checksum = "e1c3802b169b3858a44667f221c9a0b3136e6019936ea926fc97fbad8af77202"
dependencies = [
 "strck",
 "unicode-ident",
]

[[package]]
name = "syn"
version = "1.0.103"
source = "registry+https://github.com/rust-lang/crates.io-index"
checksum = "a864042229133ada95abf3b54fdc62ef5ccabe9515b64717bcb9a1919e59445d"
dependencies = [
 "proc-macro2",
 "quote",
 "unicode-ident",
]

[[package]]
name = "synstructure"
version = "0.12.6"
source = "registry+https://github.com/rust-lang/crates.io-index"
checksum = "f36bdaa60a83aca3921b5259d5400cbf5e90fc51931376a9bd4a0eb79aa7210f"
dependencies = [
 "proc-macro2",
 "quote",
 "syn",
 "unicode-xid",
]

[[package]]
name = "tinystr"
version = "0.7.0"
source = "registry+https://github.com/rust-lang/crates.io-index"
checksum = "f8aeafdfd935e4a7fe16a91ab711fa52d54df84f9c8f7ca5837a9d1d902ef4c2"
dependencies = [
 "displaydoc",
 "serde",
 "zerovec",
]

[[package]]
name = "unicode-bidi"
version = "0.3.8"
source = "registry+https://github.com/rust-lang/crates.io-index"
checksum = "099b7128301d285f79ddd55b9a83d5e6b9e97c92e0ea0daebee7263e932de992"

[[package]]
name = "unicode-ident"
version = "1.0.5"
source = "registry+https://github.com/rust-lang/crates.io-index"
checksum = "6ceab39d59e4c9499d4e5a8ee0e2735b891bb7308ac83dfb4e80cad195c9f6f3"

[[package]]
name = "unicode-xid"
version = "0.2.4"
source = "registry+https://github.com/rust-lang/crates.io-index"
checksum = "f962df74c8c05a667b5ee8bcf162993134c104e96440b663c8daa176dc772d8c"

[[package]]
name = "utf16_iter"
version = "1.0.4"
source = "registry+https://github.com/rust-lang/crates.io-index"
checksum = "52df8b7fb78e7910d776fccf2e42ceaf3604d55e8e7eb2dbd183cb1441d8a692"

[[package]]
name = "utf8_iter"
version = "1.0.3"
source = "registry+https://github.com/rust-lang/crates.io-index"
checksum = "64a8922555b9500e3d865caed19330172cd67cbf82203f1a3311d8c305cc9f33"

[[package]]
name = "write16"
version = "1.0.0"
source = "registry+https://github.com/rust-lang/crates.io-index"
checksum = "d1890f4022759daae28ed4fe62859b1236caebfc61ede2f63ed4e695f3f6d936"

[[package]]
name = "writeable"
version = "0.5.0"
source = "registry+https://github.com/rust-lang/crates.io-index"
checksum = "f8e6ab4f5da1b24daf2c590cfac801bacb27b15b4f050e84eb60149ea726f06b"

[[package]]
name = "yoke"
version = "0.6.2"
source = "registry+https://github.com/rust-lang/crates.io-index"
checksum = "1fe1d55ca72c32d573bfbd5cb2f0ca65a497854c44762957a6d3da96041a5184"
dependencies = [
 "serde",
 "stable_deref_trait",
 "yoke-derive",
 "zerofrom",
]

[[package]]
name = "yoke-derive"
version = "0.6.1"
source = "registry+https://github.com/rust-lang/crates.io-index"
checksum = "1346e4cd025ae818b88566eac7eb65ab33a994ea55f355c86889af2e7e56b14e"
dependencies = [
 "proc-macro2",
 "quote",
 "syn",
 "synstructure",
]

[[package]]
name = "zerofrom"
version = "0.1.1"
source = "registry+https://github.com/rust-lang/crates.io-index"
checksum = "79e9355fccf72b04b7deaa99ce7a0f6630530acf34045391b74460fcd714de54"
dependencies = [
 "zerofrom-derive",
]

[[package]]
name = "zerofrom-derive"
version = "0.1.1"
source = "registry+https://github.com/rust-lang/crates.io-index"
checksum = "2e8aa86add9ddbd2409c1ed01e033cd457d79b1b1229b64922c25095c595e829"
dependencies = [
 "proc-macro2",
 "quote",
 "syn",
 "synstructure",
]

[[package]]
name = "zerovec"
version = "0.9.1"
source = "registry+https://github.com/rust-lang/crates.io-index"
checksum = "25931c326414781db3d859f6e341e5bba119a3eddb7c5ae9976fe0d703b2dd26"
dependencies = [
 "serde",
 "yoke",
 "zerofrom",
 "zerovec-derive",
]

[[package]]
name = "zerovec-derive"
version = "0.9.0"
source = "registry+https://github.com/rust-lang/crates.io-index"
checksum = "490e5f878c2856225e884c35927e7ea6db3c24cdb7229b72542c7526ad7ed49e"
dependencies = [
 "proc-macro2",
 "quote",
 "syn",
 "synstructure",
]
